
Microsoft Visual Studio Solution File, Format Version 12.00
# Visual Studio Version 17
VisualStudioVersion = 17.7.34031.279
MinimumVisualStudioVersion = 10.0.40219.1
Project("{F184B08F-C81C-45F6-A57F-5ABD9991F28F}") = "8.Pythagoras Theory", "8.Pythagoras Theory.vbproj", "{4DB1E3D9-B7A3-4501-83D6-997F116E6423}"
EndProject
Global
	GlobalSection(SolutionConfigurationPlatforms) = preSolution
		Debug|Any CPU = Debug|Any CPU
		Release|Any CPU = Release|Any CPU
	EndGlobalSection
	GlobalSection(ProjectConfigurationPlatforms) = postSolution
		{4DB1E3D9-B7A3-4501-83D6-997F116E6423}.Debug|Any CPU.ActiveCfg = Debug|Any CPU
		{4DB1E3D9-B7A3-4501-83D6-997F116E6423}.Debug|Any CPU.Build.0 = Debug|Any CPU
		{4DB1E3D9-B7A3-4501-83D6-997F116E6423}.Release|Any CPU.ActiveCfg = Release|Any CPU
		{4DB1E3D9-B7A3-4501-83D6-997F116E6423}.Release|Any CPU.Build.0 = Release|Any CPU
	EndGlobalSection
	GlobalSection(SolutionProperties) = preSolution
		HideSolutionNode = FALSE
	EndGlobalSection
	GlobalSection(ExtensibilityGlobals) = postSolution
		SolutionGuid = {C281CACF-FDF6-4B7C-9A5A-4326E39E5E5E}
	EndGlobalSection
EndGlobal
